
Microsoft Visual Studio Solution File, Format Version 12.00
# Visual Studio Version 16
VisualStudioVersion = 16.0.32802.440
MinimumVisualStudioVersion = 10.0.40219.1
Project("{8BC9CEB8-8B4A-11D0-8D11-00A0C91BC942}") = "Project10", "Project10\Project10.vcxproj", "{881613F6-F13E-4A96-8DC5-74DF359803ED}"
EndProject
Global
	GlobalSection(SolutionConfigurationPlatforms) = preSolution
		Debug|x64 = Debug|x64
		Debug|x86 = Debug|x86
		Release|x64 = Release|x64
		Release|x86 = Release|x86
	EndGlobalSection
	GlobalSection(ProjectConfigurationPlatforms) = postSolution
		{881613F6-F13E-4A96-8DC5-74DF359803ED}.Debug|x64.ActiveCfg = Debug|x64
		{881613F6-F13E-4A96-8DC5-74DF359803ED}.Debug|x64.Build.0 = Debug|x64
		{881613F6-F13E-4A96-8DC5-74DF359803ED}.Debug|x86.ActiveCfg = Debug|Win32
		{881613F6-F13E-4A96-8DC5-74DF359803ED}.Debug|x86.Build.0 = Debug|Win32
		{881613F6-F13E-4A96-8DC5-74DF359803ED}.Release|x64.ActiveCfg = Release|x64
		{881613F6-F13E-4A96-8DC5-74DF359803ED}.Release|x64.Build.0 = Release|x64
		{881613F6-F13E-4A96-8DC5-74DF359803ED}.Release|x86.ActiveCfg = Release|Win32
		{881613F6-F13E-4A96-8DC5-74DF359803ED}.Release|x86.Build.0 = Release|Win32
	EndGlobalSection
	GlobalSection(SolutionProperties) = preSolution
		HideSolutionNode = FALSE
	EndGlobalSection
	GlobalSection(ExtensibilityGlobals) = postSolution
		SolutionGuid = {A3FEFBB7-478F-4D1D-A6F1-00A04BABD467}
	EndGlobalSection
EndGlobal
